// !$*UTF8*$!
{
	archiveVersion = 1;
	classes = {
	};
	objectVersion = 56;
	objects = {

/* Begin PBXBuildFile section */
		62D5B4412BC0546200960DAE /* TrackUsersLocationApp.swift in Sources */ = {isa = PBXBuildFile; fileRef = 62D5B4402BC0546200960DAE /* TrackUsersLocationApp.swift */; };
		62D5B4432BC0546200960DAE /* ContentView.swift in Sources */ = {isa = PBXBuildFile; fileRef = 62D5B4422BC0546200960DAE /* ContentView.swift */; };
		62D5B4452BC0546400960DAE /* Assets.xcassets in Resources */ = {isa = PBXBuildFile; fileRef = 62D5B4442BC0546400960DAE /* Assets.xcassets */; };
		62D5B4482BC0546400960DAE /* Preview Assets.xcassets in Resources */ = {isa = PBXBuildFile; fileRef = 62D5B4472BC0546400960DAE /* Preview Assets.xcassets */; };
		62DCB17C2BC1F46B00D64236 /* LocationManager.swift in Sources */ = {isa = PBXBuildFile; fileRef = 62DCB17B2BC1F46B00D64236 /* LocationManager.swift */; };
		62DCB17E2BC1F4A300D64236 /* MapViewModel.swift in Sources */ = {isa = PBXBuildFile; fileRef = 62DCB17D2BC1F4A300D64236 /* MapViewModel.swift */; };
		62DCB1802BC1F53B00D64236 /* Marker.swift in Sources */ = {isa = PBXBuildFile; fileRef = 62DCB17F2BC1F53B00D64236 /* Marker.swift */; };
		62DCB1822BC1F55600D64236 /* Location.swift in Sources */ = {isa = PBXBuildFile; fileRef = 62DCB1812BC1F55600D64236 /* Location.swift */; };
		62DCB1842BC1F66F00D64236 /* MapView.swift in Sources */ = {isa = PBXBuildFile; fileRef = 62DCB1832BC1F66F00D64236 /* MapView.swift */; };
		62DCB1872BC1F6E500D64236 /* MapViewContainer.swift in Sources */ = {isa = PBXBuildFile; fileRef = 62DCB1862BC1F6E500D64236 /* MapViewContainer.swift */; };
		62DCB1892BC1F77800D64236 /* MapViewCoordinator.swift in Sources */ = {isa = PBXBuildFile; fileRef = 62DCB1882BC1F77800D64236 /* MapViewCoordinator.swift */; };
		62DCB18B2BC1F85B00D64236 /* Modifiers.swift in Sources */ = {isa = PBXBuildFile; fileRef = 62DCB18A2BC1F85B00D64236 /* Modifiers.swift */; };
		62E035D42BC36B920076BE78 /* Extensions.swift in Sources */ = {isa = PBXBuildFile; fileRef = 62E035D32BC36B920076BE78 /* Extensions.swift */; };
		62E035D62BC36C0A0076BE78 /* AddressView.swift in Sources */ = {isa = PBXBuildFile; fileRef = 62E035D52BC36C0A0076BE78 /* AddressView.swift */; };
/* End PBXBuildFile section */

/* Begin PBXFileReference section */
		62D5B43D2BC0546200960DAE /* TrackUsersLocation.app */ = {isa = PBXFileReference; explicitFileType = wrapper.application; includeInIndex = 0; path = TrackUsersLocation.app; sourceTree = BUILT_PRODUCTS_DIR; };
		62D5B4402BC0546200960DAE /* TrackUsersLocationApp.swift */ = {isa = PBXFileReference; lastKnownFileType = sourcecode.swift; path = TrackUsersLocationApp.swift; sourceTree = "<group>"; };
		62D5B4422BC0546200960DAE /* ContentView.swift */ = {isa = PBXFileReference; lastKnownFileType = sourcecode.swift; path = ContentView.swift; sourceTree = "<group>"; };
		62D5B4442BC0546400960DAE /* Assets.xcassets */ = {isa = PBXFileReference; lastKnownFileType = folder.assetcatalog; path = Assets.xcassets; sourceTree = "<group>"; };
		62D5B4472BC0546400960DAE /* Preview Assets.xcassets */ = {isa = PBXFileReference; lastKnownFileType = folder.assetcatalog; path = "Preview Assets.xcassets"; sourceTree = "<group>"; };
		62DCB17B2BC1F46B00D64236 /* LocationManager.swift */ = {isa = PBXFileReference; lastKnownFileType = sourcecode.swift; path = LocationManager.swift; sourceTree = "<group>"; };
		62DCB17D2BC1F4A300D64236 /* MapViewModel.swift */ = {isa = PBXFileReference; lastKnownFileType = sourcecode.swift; path = MapViewModel.swift; sourceTree = "<group>"; };
		62DCB17F2BC1F53B00D64236 /* Marker.swift */ = {isa = PBXFileReference; lastKnownFileType = sourcecode.swift; path = Marker.swift; sourceTree = "<group>"; };
		62DCB1812BC1F55600D64236 /* Location.swift */ = {isa = PBXFileReference; lastKnownFileType = sourcecode.swift; path = Location.swift; sourceTree = "<group>"; };
		62DCB1832BC1F66F00D64236 /* MapView.swift */ = {isa = PBXFileReference; lastKnownFileType = sourcecode.swift; path = MapView.swift; sourceTree = "<group>"; };
		62DCB1862BC1F6E500D64236 /* MapViewContainer.swift */ = {isa = PBXFileReference; lastKnownFileType = sourcecode.swift; path = MapViewContainer.swift; sourceTree = "<group>"; };
		62DCB1882BC1F77800D64236 /* MapViewCoordinator.swift */ = {isa = PBXFileReference; lastKnownFileType = sourcecode.swift; path = MapViewCoordinator.swift; sourceTree = "<group>"; };
		62DCB18A2BC1F85B00D64236 /* Modifiers.swift */ = {isa = PBXFileReference; lastKnownFileType = sourcecode.swift; path = Modifiers.swift; sourceTree = "<group>"; };
		62E035D32BC36B920076BE78 /* Extensions.swift */ = {isa = PBXFileReference; lastKnownFileType = sourcecode.swift; path = Extensions.swift; sourceTree = "<group>"; };
		62E035D52BC36C0A0076BE78 /* AddressView.swift */ = {isa = PBXFileReference; lastKnownFileType = sourcecode.swift; path = AddressView.swift; sourceTree = "<group>"; };
/* End PBXFileReference section */

/* Begin PBXFrameworksBuildPhase section */
		62D5B43A2BC0546200960DAE /* Frameworks */ = {
			isa = PBXFrameworksBuildPhase;
			buildActionMask = 2147483647;
			files = (
			);
			runOnlyForDeploymentPostprocessing = 0;
		};
/* End PBXFrameworksBuildPhase section */

/* Begin PBXGroup section */
		6286B7AA2BC0C2D00027E655 /* Features */ = {
			isa = PBXGroup;
			children = (
				6286B7AB2BC0C2E20027E655 /* Map */,
			);
			path = Features;
			sourceTree = "<group>";
		};
		6286B7AB2BC0C2E20027E655 /* Map */ = {
			isa = PBXGroup;
			children = (
				6286B7AC2BC0C2EC0027E655 /* Model */,
				6286B7AD2BC0C2F40027E655 /* View */,
				6286B7AE2BC0C2FA0027E655 /* ViewModel */,
			);
			path = Map;
			sourceTree = "<group>";
		};
		6286B7AC2BC0C2EC0027E655 /* Model */ = {
			isa = PBXGroup;
			children = (
				62DCB17F2BC1F53B00D64236 /* Marker.swift */,
				62DCB1812BC1F55600D64236 /* Location.swift */,
			);
			path = Model;
			sourceTree = "<group>";
		};
		6286B7AD2BC0C2F40027E655 /* View */ = {
			isa = PBXGroup;
			children = (
				62DCB1832BC1F66F00D64236 /* MapView.swift */,
				62E035D52BC36C0A0076BE78 /* AddressView.swift */,
			);
			path = View;
			sourceTree = "<group>";
		};
		6286B7AE2BC0C2FA0027E655 /* ViewModel */ = {
			isa = PBXGroup;
			children = (
				62DCB17D2BC1F4A300D64236 /* MapViewModel.swift */,
			);
			path = ViewModel;
			sourceTree = "<group>";
		};
		6286B7AF2BC0C3080027E655 /* Services */ = {
			isa = PBXGroup;
			children = (
				62DCB17B2BC1F46B00D64236 /* LocationManager.swift */,
			);
			path = Services;
			sourceTree = "<group>";
		};
		6286B7B02BC0C3420027E655 /* Utilities */ = {
			isa = PBXGroup;
			children = (
				62E035D32BC36B920076BE78 /* Extensions.swift */,
			);
			path = Utilities;
			sourceTree = "<group>";
		};
		6286B7B12BC0C3520027E655 /* Modifiers */ = {
			isa = PBXGroup;
			children = (
				62DCB18A2BC1F85B00D64236 /* Modifiers.swift */,
			);
			path = Modifiers;
			sourceTree = "<group>";
		};
		6286B7B22BC0C3670027E655 /* Resources */ = {
			isa = PBXGroup;
			children = (
				62D5B4442BC0546400960DAE /* Assets.xcassets */,
			);
			path = Resources;
			sourceTree = "<group>";
		};
		62D5B4342BC0546200960DAE = {
			isa = PBXGroup;
			children = (
				62D5B43F2BC0546200960DAE /* TrackUsersLocation */,
				62D5B43E2BC0546200960DAE /* Products */,
			);
			sourceTree = "<group>";
		};
		62D5B43E2BC0546200960DAE /* Products */ = {
			isa = PBXGroup;
			children = (
				62D5B43D2BC0546200960DAE /* TrackUsersLocation.app */,
			);
			name = Products;
			sourceTree = "<group>";
		};
		62D5B43F2BC0546200960DAE /* TrackUsersLocation */ = {
			isa = PBXGroup;
			children = (
				6286B7AA2BC0C2D00027E655 /* Features */,
				6286B7AF2BC0C3080027E655 /* Services */,
				6286B7B02BC0C3420027E655 /* Utilities */,
				62DCB17A2BC1F3EF00D64236 /* Views */,
				6286B7B12BC0C3520027E655 /* Modifiers */,
				6286B7B22BC0C3670027E655 /* Resources */,
				62D5B4402BC0546200960DAE /* TrackUsersLocationApp.swift */,
				62D5B4422BC0546200960DAE /* ContentView.swift */,
				62D5B4462BC0546400960DAE /* Preview Content */,
			);
			path = TrackUsersLocation;
			sourceTree = "<group>";
		};
		62D5B4462BC0546400960DAE /* Preview Content */ = {
			isa = PBXGroup;
			children = (
				62D5B4472BC0546400960DAE /* Preview Assets.xcassets */,
			);
			path = "Preview Content";
			sourceTree = "<group>";
		};
		62DCB17A2BC1F3EF00D64236 /* Views */ = {
			isa = PBXGroup;
			children = (
				62DCB1852BC1F6B700D64236 /* UIKit Components */,
			);
			path = Views;
			sourceTree = "<group>";
		};
		62DCB1852BC1F6B700D64236 /* UIKit Components */ = {
			isa = PBXGroup;
			children = (
				62DCB1862BC1F6E500D64236 /* MapViewContainer.swift */,
				62DCB1882BC1F77800D64236 /* MapViewCoordinator.swift */,
			);
			path = "UIKit Components";
			sourceTree = "<group>";
		};
/* End PBXGroup section */

/* Begin PBXNativeTarget section */
		62D5B43C2BC0546200960DAE /* TrackUsersLocation */ = {
			isa = PBXNativeTarget;
			buildConfigurationList = 62D5B44B2BC0546400960DAE /* Build configuration list for PBXNativeTarget "TrackUsersLocation" */;
			buildPhases = (
				62D5B4392BC0546200960DAE /* Sources */,
				62D5B43A2BC0546200960DAE /* Frameworks */,
				62D5B43B2BC0546200960DAE /* Resources */,
			);
			buildRules = (
			);
			dependencies = (
			);
			name = TrackUsersLocation;
			productName = TrackUsersLocation;
			productReference = 62D5B43D2BC0546200960DAE /* TrackUsersLocation.app */;
			productType = "com.apple.product-type.application";
		};
/* End PBXNativeTarget section */

/* Begin PBXProject section */
		62D5B4352BC0546200960DAE /* Project object */ = {
			isa = PBXProject;
			attributes = {
				BuildIndependentTargetsInParallel = 1;
				LastSwiftUpdateCheck = 1520;
				LastUpgradeCheck = 1520;
				TargetAttributes = {
					62D5B43C2BC0546200960DAE = {
						CreatedOnToolsVersion = 15.2;
					};
				};
			};
			buildConfigurationList = 62D5B4382BC0546200960DAE /* Build configuration list for PBXProject "TrackUsersLocation" */;
			compatibilityVersion = "Xcode 14.0";
			developmentRegion = en;
			hasScannedForEncodings = 0;
			knownRegions = (
				en,
				Base,
			);
			mainGroup = 62D5B4342BC0546200960DAE;
			productRefGroup = 62D5B43E2BC0546200960DAE /* Products */;
			projectDirPath = "";
			projectRoot = "";
			targets = (
				62D5B43C2BC0546200960DAE /* TrackUsersLocation */,
			);
		};
/* End PBXProject section */

/* Begin PBXResourcesBuildPhase section */
		62D5B43B2BC0546200960DAE /* Resources */ = {
			isa = PBXResourcesBuildPhase;
			buildActionMask = 2147483647;
			files = (
				62D5B4482BC0546400960DAE /* Preview Assets.xcassets in Resources */,
				62D5B4452BC0546400960DAE /* Assets.xcassets in Resources */,
			);
			runOnlyForDeploymentPostprocessing = 0;
		};
/* End PBXResourcesBuildPhase section */

/* Begin PBXSourcesBuildPhase section */
		62D5B4392BC0546200960DAE /* Sources */ = {
			isa = PBXSourcesBuildPhase;
			buildActionMask = 2147483647;
			files = (
				62DCB1842BC1F66F00D64236 /* MapView.swift in Sources */,
				62D5B4432BC0546200960DAE /* ContentView.swift in Sources */,
				62D5B4412BC0546200960DAE /* TrackUsersLocationApp.swift in Sources */,
				62DCB17C2BC1F46B00D64236 /* LocationManager.swift in Sources */,
				62DCB18B2BC1F85B00D64236 /* Modifiers.swift in Sources */,
				62E035D62BC36C0A0076BE78 /* AddressView.swift in Sources */,
				62DCB1892BC1F77800D64236 /* MapViewCoordinator.swift in Sources */,
				62DCB17E2BC1F4A300D64236 /* MapViewModel.swift in Sources */,
				62DCB1872BC1F6E500D64236 /* MapViewContainer.swift in Sources */,
				62DCB1822BC1F55600D64236 /* Location.swift in Sources */,
				62E035D42BC36B920076BE78 /* Extensions.swift in Sources */,
				62DCB1802BC1F53B00D64236 /* Marker.swift in Sources */,
			);
			runOnlyForDeploymentPostprocessing = 0;
		};
/* End PBXSourcesBuildPhase section */

/* Begin XCBuildConfiguration section */
		62D5B4492BC0546400960DAE /* Debug */ = {
			isa = XCBuildConfiguration;
			buildSettings = {
				ALWAYS_SEARCH_USER_PATHS = NO;
				ASSETCATALOG_COMPILER_GENERATE_SWIFT_ASSET_SYMBOL_EXTENSIONS = YES;
				CLANG_ANALYZER_NONNULL = YES;
				CLANG_ANALYZER_NUMBER_OBJECT_CONVERSION = YES_AGGRESSIVE;
				CLANG_CXX_LANGUAGE_STANDARD = "gnu++20";
				CLANG_ENABLE_MODULES = YES;
				CLANG_ENABLE_OBJC_ARC = YES;
				CLANG_ENABLE_OBJC_WEAK = YES;
				CLANG_WARN_BLOCK_CAPTURE_AUTORELEASING = YES;
				CLANG_WARN_BOOL_CONVERSION = YES;
				CLANG_WARN_COMMA = YES;
				CLANG_WARN_CONSTANT_CONVERSION = YES;
				CLANG_WARN_DEPRECATED_OBJC_IMPLEMENTATIONS = YES;
				CLANG_WARN_DIRECT_OBJC_ISA_USAGE = YES_ERROR;
				CLANG_WARN_DOCUMENTATION_COMMENTS = YES;
				CLANG_WARN_EMPTY_BODY = YES;
				CLANG_WARN_ENUM_CONVERSION = YES;
				CLANG_WARN_INFINITE_RECURSION = YES;
				CLANG_WARN_INT_CONVERSION = YES;
				CLANG_WARN_NON_LITERAL_NULL_CONVERSION = YES;
				CLANG_WARN_OBJC_IMPLICIT_RETAIN_SELF = YES;
				CLANG_WARN_OBJC_LITERAL_CONVERSION = YES;
				CLANG_WARN_OBJC_ROOT_CLASS = YES_ERROR;
				CLANG_WARN_QUOTED_INCLUDE_IN_FRAMEWORK_HEADER = YES;
				CLANG_WARN_RANGE_LOOP_ANALYSIS = YES;
				CLANG_WARN_STRICT_PROTOTYPES = YES;
				CLANG_WARN_SUSPICIOUS_MOVE = YES;
				CLANG_WARN_UNGUARDED_AVAILABILITY = YES_AGGRESSIVE;
				CLANG_WARN_UNREACHABLE_CODE = YES;
				CLANG_WARN__DUPLICATE_METHOD_MATCH = YES;
				COPY_PHASE_STRIP = NO;
				DEBUG_INFORMATION_FORMAT = dwarf;
				ENABLE_STRICT_OBJC_MSGSEND = YES;
				ENABLE_TESTABILITY = YES;
				ENABLE_USER_SCRIPT_SANDBOXING = YES;
				GCC_C_LANGUAGE_STANDARD = gnu17;
				GCC_DYNAMIC_NO_PIC = NO;
				GCC_NO_COMMON_BLOCKS = YES;
				GCC_OPTIMIZATION_LEVEL = 0;
				GCC_PREPROCESSOR_DEFINITIONS = (
					"DEBUG=1",
					"$(inherited)",
				);
				GCC_WARN_64_TO_32_BIT_CONVERSION = YES;
				GCC_WARN_ABOUT_RETURN_TYPE = YES_ERROR;
				GCC_WARN_UNDECLARED_SELECTOR = YES;
				GCC_WARN_UNINITIALIZED_AUTOS = YES_AGGRESSIVE;
				GCC_WARN_UNUSED_FUNCTION = YES;
				GCC_WARN_UNUSED_VARIABLE = YES;
				IPHONEOS_DEPLOYMENT_TARGET = 17.2;
				LOCALIZATION_PREFERS_STRING_CATALOGS = YES;
				MTL_ENABLE_DEBUG_INFO = INCLUDE_SOURCE;
				MTL_FAST_MATH = YES;
				ONLY_ACTIVE_ARCH = YES;
				SDKROOT = iphoneos;
				SWIFT_ACTIVE_COMPILATION_CONDITIONS = "DEBUG $(inherited)";
				SWIFT_OPTIMIZATION_LEVEL = "-Onone";
			};
			name = Debug;
		};
		62D5B44A2BC0546400960DAE /* Release */ = {
			isa = XCBuildConfiguration;
			buildSettings = {
				ALWAYS_SEARCH_USER_PATHS = NO;
				ASSETCATALOG_COMPILER_GENERATE_SWIFT_ASSET_SYMBOL_EXTENSIONS = YES;
				CLANG_ANALYZER_NONNULL = YES;
				CLANG_ANALYZER_NUMBER_OBJECT_CONVERSION = YES_AGGRESSIVE;
				CLANG_CXX_LANGUAGE_STANDARD = "gnu++20";
				CLANG_ENABLE_MODULES = YES;
				CLANG_ENABLE_OBJC_ARC = YES;
				CLANG_ENABLE_OBJC_WEAK = YES;
				CLANG_WARN_BLOCK_CAPTURE_AUTORELEASING = YES;
				CLANG_WARN_BOOL_CONVERSION = YES;
				CLANG_WARN_COMMA = YES;
				CLANG_WARN_CONSTANT_CONVERSION = YES;
				CLANG_WARN_DEPRECATED_OBJC_IMPLEMENTATIONS = YES;
				CLANG_WARN_DIRECT_OBJC_ISA_USAGE = YES_ERROR;
				CLANG_WARN_DOCUMENTATION_COMMENTS = YES;
				CLANG_WARN_EMPTY_BODY = YES;
				CLANG_WARN_ENUM_CONVERSION = YES;
				CLANG_WARN_INFINITE_RECURSION = YES;
				CLANG_WARN_INT_CONVERSION = YES;
				CLANG_WARN_NON_LITERAL_NULL_CONVERSION = YES;
				CLANG_WARN_OBJC_IMPLICIT_RETAIN_SELF = YES;
				CLANG_WARN_OBJC_LITERAL_CONVERSION = YES;
				CLANG_WARN_OBJC_ROOT_CLASS = YES_ERROR;
				CLANG_WARN_QUOTED_INCLUDE_IN_FRAMEWORK_HEADER = YES;
				CLANG_WARN_RANGE_LOOP_ANALYSIS = YES;
				CLANG_WARN_STRICT_PROTOTYPES = YES;
				CLANG_WARN_SUSPICIOUS_MOVE = YES;
				CLANG_WARN_UNGUARDED_AVAILABILITY = YES_AGGRESSIVE;
				CLANG_WARN_UNREACHABLE_CODE = YES;
				CLANG_WARN__DUPLICATE_METHOD_MATCH = YES;
				COPY_PHASE_STRIP = NO;
				DEBUG_INFORMATION_FORMAT = "dwarf-with-dsym";
				ENABLE_NS_ASSERTIONS = NO;
				ENABLE_STRICT_OBJC_MSGSEND = YES;
				ENABLE_USER_SCRIPT_SANDBOXING = YES;
				GCC_C_LANGUAGE_STANDARD = gnu17;
				GCC_NO_COMMON_BLOCKS = YES;
				GCC_WARN_64_TO_32_BIT_CONVERSION = YES;
				GCC_WARN_ABOUT_RETURN_TYPE = YES_ERROR;
				GCC_WARN_UNDECLARED_SELECTOR = YES;
				GCC_WARN_UNINITIALIZED_AUTOS = YES_AGGRESSIVE;
				GCC_WARN_UNUSED_FUNCTION = YES;
				GCC_WARN_UNUSED_VARIABLE = YES;
				IPHONEOS_DEPLOYMENT_TARGET = 17.2;
				LOCALIZATION_PREFERS_STRING_CATALOGS = YES;
				MTL_ENABLE_DEBUG_INFO = NO;
				MTL_FAST_MATH = YES;
				SDKROOT = iphoneos;
				SWIFT_COMPILATION_MODE = wholemodule;
				VALIDATE_PRODUCT = YES;
			};
			name = Release;
		};
		62D5B44C2BC0546400960DAE /* Debug */ = {
			isa = XCBuildConfiguration;
			buildSettings = {
				ASSETCATALOG_COMPILER_APPICON_NAME = AppIcon;
				ASSETCATALOG_COMPILER_GLOBAL_ACCENT_COLOR_NAME = AccentColor;
				CODE_SIGN_STYLE = Automatic;
				CURRENT_PROJECT_VERSION = 1;
				DEVELOPMENT_ASSET_PATHS = "\"TrackUsersLocation/Preview Content\"";
				DEVELOPMENT_TEAM = 8945457R7S;
				ENABLE_PREVIEWS = YES;
				GENERATE_INFOPLIST_FILE = YES;
				INFOPLIST_KEY_NSLocationAlwaysAndWhenInUseUsageDescription = "Location Always and When In Use Usage Description";
				INFOPLIST_KEY_NSLocationWhenInUseUsageDescription = "Location When In Use Usage Description";
				INFOPLIST_KEY_UIApplicationSceneManifest_Generation = YES;
				INFOPLIST_KEY_UIApplicationSupportsIndirectInputEvents = YES;
				INFOPLIST_KEY_UILaunchScreen_Generation = YES;
				INFOPLIST_KEY_UISupportedInterfaceOrientations_iPad = "UIInterfaceOrientationPortrait UIInterfaceOrientationPortraitUpsideDown UIInterfaceOrientationLandscapeLeft UIInterfaceOrientationLandscapeRight";
				INFOPLIST_KEY_UISupportedInterfaceOrientations_iPhone = "UIInterfaceOrientationPortrait UIInterfaceOrientationLandscapeLeft UIInterfaceOrientationLandscapeRight";
				LD_RUNPATH_SEARCH_PATHS = (
					"$(inherited)",
					"@executable_path/Frameworks",
				);
				MARKETING_VERSION = 1.0;
				PRODUCT_BUNDLE_IDENTIFIER = com.habipyesilyurt.TrackUsersLocation;
				PRODUCT_NAME = "$(TARGET_NAME)";
				SWIFT_EMIT_LOC_STRINGS = YES;
				SWIFT_VERSION = 5.0;
				TARGETED_DEVICE_FAMILY = "1,2";
			};
			name = Debug;
		};
		62D5B44D2BC0546400960DAE /* Release */ = {
			isa = XCBuildConfiguration;
			buildSettings = {
				ASSETCATALOG_COMPILER_APPICON_NAME = AppIcon;
				ASSETCATALOG_COMPILER_GLOBAL_ACCENT_COLOR_NAME = AccentColor;
				CODE_SIGN_STYLE = Automatic;
				CURRENT_PROJECT_VERSION = 1;
				DEVELOPMENT_ASSET_PATHS = "\"TrackUsersLocation/Preview Content\"";
				DEVELOPMENT_TEAM = 8945457R7S;
				ENABLE_PREVIEWS = YES;
				GENERATE_INFOPLIST_FILE = YES;
				INFOPLIST_KEY_NSLocationAlwaysAndWhenInUseUsageDescription = "Location Always and When In Use Usage Description";
				INFOPLIST_KEY_NSLocationWhenInUseUsageDescription = "Location When In Use Usage Description";
				INFOPLIST_KEY_UIApplicationSceneManifest_Generation = YES;
				INFOPLIST_KEY_UIApplicationSupportsIndirectInputEvents = YES;
				INFOPLIST_KEY_UILaunchScreen_Generation = YES;
				INFOPLIST_KEY_UISupportedInterfaceOrientations_iPad = "UIInterfaceOrientationPortrait UIInterfaceOrientationPortraitUpsideDown UIInterfaceOrientationLandscapeLeft UIInterfaceOrientationLandscapeRight";
				INFOPLIST_KEY_UISupportedInterfaceOrientations_iPhone = "UIInterfaceOrientationPortrait UIInterfaceOrientationLandscapeLeft UIInterfaceOrientationLandscapeRight";
				LD_RUNPATH_SEARCH_PATHS = (
					"$(inherited)",
					"@executable_path/Frameworks",
				);
				MARKETING_VERSION = 1.0;
				PRODUCT_BUNDLE_IDENTIFIER = com.habipyesilyurt.TrackUsersLocation;
				PRODUCT_NAME = "$(TARGET_NAME)";
				SWIFT_EMIT_LOC_STRINGS = YES;
				SWIFT_VERSION = 5.0;
				TARGETED_DEVICE_FAMILY = "1,2";
			};
			name = Release;
		};
/* End XCBuildConfiguration section */

/* Begin XCConfigurationList section */
		62D5B4382BC0546200960DAE /* Build configuration list for PBXProject "TrackUsersLocation" */ = {
			isa = XCConfigurationList;
			buildConfigurations = (
				62D5B4492BC0546400960DAE /* Debug */,
				62D5B44A2BC0546400960DAE /* Release */,
			);
			defaultConfigurationIsVisible = 0;
			defaultConfigurationName = Release;
		};
		62D5B44B2BC0546400960DAE /* Build configuration list for PBXNativeTarget "TrackUsersLocation" */ = {
			isa = XCConfigurationList;
			buildConfigurations = (
				62D5B44C2BC0546400960DAE /* Debug */,
				62D5B44D2BC0546400960DAE /* Release */,
			);
			defaultConfigurationIsVisible = 0;
			defaultConfigurationName = Release;
		};
/* End XCConfigurationList section */
	};
	rootObject = 62D5B4352BC0546200960DAE /* Project object */;
}
